
Microsoft Visual Studio Solution File, Format Version 12.00
# Visual Studio Version 17
VisualStudioVersion = 17.13.35825.156
MinimumVisualStudioVersion = 10.0.40219.1
Project("{FAE04EC0-301F-11D3-BF4B-00C04F79EFBC}") = "DotCraft.App", "src\DotCraft.App\DotCraft.App.csproj", "{8E5A7C6B-0E9D-4F73-8C52-1E6C77B5349A}"
EndProject
Project("{FAE04EC0-301F-11D3-BF4B-00C04F79EFBC}") = "DotCraft.Core", "src\DotCraft.Core\DotCraft.Core.csproj", "{A1B2C3D4-E5F6-7890-ABCD-EF1234567890}"
EndProject
Project("{FAE04EC0-301F-11D3-BF4B-00C04F79EFBC}") = "DotCraft.QQ", "src\DotCraft.QQ\DotCraft.QQ.csproj", "{C3D4E5F6-7890-ABCD-EF12-345678901234}"
EndProject
Project("{FAE04EC0-301F-11D3-BF4B-00C04F79EFBC}") = "DotCraft.WeCom", "src\DotCraft.WeCom\DotCraft.WeCom.csproj", "{D4E5F6A7-890B-CDEF-1234-567890ABCDEF}"
EndProject
Project("{FAE04EC0-301F-11D3-BF4B-00C04F79EFBC}") = "DotCraft.Gen", "src\DotCraft.Gen\DotCraft.Gen.csproj", "{B2C3D4E5-6789-4B9A-CDEF-012345678901}"
EndProject
Project("{2150E333-8FDC-42A3-9474-1A3956D46DE8}") = "Unity", "Unity", "{827E0CD3-B72D-47B6-A68D-7590B98EB39B}"
EndProject
Project("{FAE04EC0-301F-11D3-BF4B-00C04F79EFBC}") = "DotCraft.Unity", "src\DotCraft.Unity\DotCraft.Unity.csproj", "{8E7E7035-D8F2-464A-A26C-7735688C7707}"
EndProject
Project("{FAE04EC0-301F-11D3-BF4B-00C04F79EFBC}") = "DotCraft.GitHubTracker", "src\DotCraft.GitHubTracker\DotCraft.GitHubTracker.csproj", "{F1A2B3C4-D5E6-4F78-9ABC-DEF012345678}"
EndProject
Project("{FAE04EC0-301F-11D3-BF4B-00C04F79EFBC}") = "DotCraft.AGUI", "src\DotCraft.AGUI\DotCraft.AGUI.csproj", "{70A765C4-4AD7-4E0D-843F-E48D90E7D286}"
EndProject
Global
	GlobalSection(SolutionConfigurationPlatforms) = preSolution
		Debug|x64 = Debug|x64
		Debug|Any CPU = Debug|Any CPU
		Debug|x86 = Debug|x86
		Release|x64 = Release|x64
		Release|Any CPU = Release|Any CPU
		Release|x86 = Release|x86
	EndGlobalSection
	GlobalSection(ProjectConfigurationPlatforms) = postSolution
		{8E5A7C6B-0E9D-4F73-8C52-1E6C77B5349A}.Debug|x64.ActiveCfg = Debug|Any CPU
		{8E5A7C6B-0E9D-4F73-8C52-1E6C77B5349A}.Debug|x64.Build.0 = Debug|Any CPU
		{8E5A7C6B-0E9D-4F73-8C52-1E6C77B5349A}.Debug|Any CPU.ActiveCfg = Debug|Any CPU
		{8E5A7C6B-0E9D-4F73-8C52-1E6C77B5349A}.Debug|Any CPU.Build.0 = Debug|Any CPU
		{8E5A7C6B-0E9D-4F73-8C52-1E6C77B5349A}.Debug|x86.ActiveCfg = Debug|Any CPU
		{8E5A7C6B-0E9D-4F73-8C52-1E6C77B5349A}.Debug|x86.Build.0 = Debug|Any CPU
		{8E5A7C6B-0E9D-4F73-8C52-1E6C77B5349A}.Release|x64.ActiveCfg = Release|Any CPU
		{8E5A7C6B-0E9D-4F73-8C52-1E6C77B5349A}.Release|x64.Build.0 = Release|Any CPU
		{8E5A7C6B-0E9D-4F73-8C52-1E6C77B5349A}.Release|Any CPU.ActiveCfg = Release|Any CPU
		{8E5A7C6B-0E9D-4F73-8C52-1E6C77B5349A}.Release|Any CPU.Build.0 = Release|Any CPU
		{8E5A7C6B-0E9D-4F73-8C52-1E6C77B5349A}.Release|x86.ActiveCfg = Release|Any CPU
		{8E5A7C6B-0E9D-4F73-8C52-1E6C77B5349A}.Release|x86.Build.0 = Release|Any CPU
		{A1B2C3D4-E5F6-7890-ABCD-EF1234567890}.Debug|x64.ActiveCfg = Debug|Any CPU
		{A1B2C3D4-E5F6-7890-ABCD-EF1234567890}.Debug|x64.Build.0 = Debug|Any CPU
		{A1B2C3D4-E5F6-7890-ABCD-EF1234567890}.Debug|Any CPU.ActiveCfg = Debug|Any CPU
		{A1B2C3D4-E5F6-7890-ABCD-EF1234567890}.Debug|Any CPU.Build.0 = Debug|Any CPU
		{A1B2C3D4-E5F6-7890-ABCD-EF1234567890}.Debug|x86.ActiveCfg = Debug|Any CPU
		{A1B2C3D4-E5F6-7890-ABCD-EF1234567890}.Debug|x86.Build.0 = Debug|Any CPU
		{A1B2C3D4-E5F6-7890-ABCD-EF1234567890}.Release|x64.ActiveCfg = Release|Any CPU
		{A1B2C3D4-E5F6-7890-ABCD-EF1234567890}.Release|x64.Build.0 = Release|Any CPU
		{A1B2C3D4-E5F6-7890-ABCD-EF1234567890}.Release|Any CPU.ActiveCfg = Release|Any CPU
		{A1B2C3D4-E5F6-7890-ABCD-EF1234567890}.Release|Any CPU.Build.0 = Release|Any CPU
		{A1B2C3D4-E5F6-7890-ABCD-EF1234567890}.Release|x86.ActiveCfg = Release|Any CPU
		{A1B2C3D4-E5F6-7890-ABCD-EF1234567890}.Release|x86.Build.0 = Release|Any CPU
		{C3D4E5F6-7890-ABCD-EF12-345678901234}.Debug|x64.ActiveCfg = Debug|Any CPU
		{C3D4E5F6-7890-ABCD-EF12-345678901234}.Debug|x64.Build.0 = Debug|Any CPU
		{C3D4E5F6-7890-ABCD-EF12-345678901234}.Debug|Any CPU.ActiveCfg = Debug|Any CPU
		{C3D4E5F6-7890-ABCD-EF12-345678901234}.Debug|Any CPU.Build.0 = Debug|Any CPU
		{C3D4E5F6-7890-ABCD-EF12-345678901234}.Debug|x86.ActiveCfg = Debug|Any CPU
		{C3D4E5F6-7890-ABCD-EF12-345678901234}.Debug|x86.Build.0 = Debug|Any CPU
		{C3D4E5F6-7890-ABCD-EF12-345678901234}.Release|x64.ActiveCfg = Release|Any CPU
		{C3D4E5F6-7890-ABCD-EF12-345678901234}.Release|x64.Build.0 = Release|Any CPU
		{C3D4E5F6-7890-ABCD-EF12-345678901234}.Release|Any CPU.ActiveCfg = Release|Any CPU
		{C3D4E5F6-7890-ABCD-EF12-345678901234}.Release|Any CPU.Build.0 = Release|Any CPU
		{C3D4E5F6-7890-ABCD-EF12-345678901234}.Release|x86.ActiveCfg = Release|Any CPU
		{C3D4E5F6-7890-ABCD-EF12-345678901234}.Release|x86.Build.0 = Release|Any CPU
		{D4E5F6A7-890B-CDEF-1234-567890ABCDEF}.Debug|x64.ActiveCfg = Debug|Any CPU
		{D4E5F6A7-890B-CDEF-1234-567890ABCDEF}.Debug|x64.Build.0 = Debug|Any CPU
		{D4E5F6A7-890B-CDEF-1234-567890ABCDEF}.Debug|Any CPU.ActiveCfg = Debug|Any CPU
		{D4E5F6A7-890B-CDEF-1234-567890ABCDEF}.Debug|Any CPU.Build.0 = Debug|Any CPU
		{D4E5F6A7-890B-CDEF-1234-567890ABCDEF}.Debug|x86.ActiveCfg = Debug|Any CPU
		{D4E5F6A7-890B-CDEF-1234-567890ABCDEF}.Debug|x86.Build.0 = Debug|Any CPU
		{D4E5F6A7-890B-CDEF-1234-567890ABCDEF}.Release|x64.ActiveCfg = Release|Any CPU
		{D4E5F6A7-890B-CDEF-1234-567890ABCDEF}.Release|x64.Build.0 = Release|Any CPU
		{D4E5F6A7-890B-CDEF-1234-567890ABCDEF}.Release|Any CPU.ActiveCfg = Release|Any CPU
		{D4E5F6A7-890B-CDEF-1234-567890ABCDEF}.Release|Any CPU.Build.0 = Release|Any CPU
		{D4E5F6A7-890B-CDEF-1234-567890ABCDEF}.Release|x86.ActiveCfg = Release|Any CPU
		{D4E5F6A7-890B-CDEF-1234-567890ABCDEF}.Release|x86.Build.0 = Release|Any CPU
		{B2C3D4E5-6789-4B9A-CDEF-012345678901}.Debug|x64.ActiveCfg = Debug|Any CPU
		{B2C3D4E5-6789-4B9A-CDEF-012345678901}.Debug|x64.Build.0 = Debug|Any CPU
		{B2C3D4E5-6789-4B9A-CDEF-012345678901}.Debug|Any CPU.ActiveCfg = Debug|Any CPU
		{B2C3D4E5-6789-4B9A-CDEF-012345678901}.Debug|Any CPU.Build.0 = Debug|Any CPU
		{B2C3D4E5-6789-4B9A-CDEF-012345678901}.Debug|x86.ActiveCfg = Debug|Any CPU
		{B2C3D4E5-6789-4B9A-CDEF-012345678901}.Debug|x86.Build.0 = Debug|Any CPU
		{B2C3D4E5-6789-4B9A-CDEF-012345678901}.Release|x64.ActiveCfg = Release|Any CPU
		{B2C3D4E5-6789-4B9A-CDEF-012345678901}.Release|x64.Build.0 = Release|Any CPU
		{B2C3D4E5-6789-4B9A-CDEF-012345678901}.Release|Any CPU.ActiveCfg = Release|Any CPU
		{B2C3D4E5-6789-4B9A-CDEF-012345678901}.Release|Any CPU.Build.0 = Release|Any CPU
		{B2C3D4E5-6789-4B9A-CDEF-012345678901}.Release|x86.ActiveCfg = Release|Any CPU
		{B2C3D4E5-6789-4B9A-CDEF-012345678901}.Release|x86.Build.0 = Release|Any CPU
		{8E7E7035-D8F2-464A-A26C-7735688C7707}.Debug|x64.ActiveCfg = Debug|Any CPU
		{8E7E7035-D8F2-464A-A26C-7735688C7707}.Debug|x64.Build.0 = Debug|Any CPU
		{8E7E7035-D8F2-464A-A26C-7735688C7707}.Debug|Any CPU.ActiveCfg = Debug|Any CPU
		{8E7E7035-D8F2-464A-A26C-7735688C7707}.Debug|Any CPU.Build.0 = Debug|Any CPU
		{8E7E7035-D8F2-464A-A26C-7735688C7707}.Debug|x86.ActiveCfg = Debug|Any CPU
		{8E7E7035-D8F2-464A-A26C-7735688C7707}.Debug|x86.Build.0 = Debug|Any CPU
		{8E7E7035-D8F2-464A-A26C-7735688C7707}.Release|x64.ActiveCfg = Release|Any CPU
		{8E7E7035-D8F2-464A-A26C-7735688C7707}.Release|x64.Build.0 = Release|Any CPU
		{8E7E7035-D8F2-464A-A26C-7735688C7707}.Release|Any CPU.ActiveCfg = Release|Any CPU
		{8E7E7035-D8F2-464A-A26C-7735688C7707}.Release|Any CPU.Build.0 = Release|Any CPU
		{8E7E7035-D8F2-464A-A26C-7735688C7707}.Release|x86.ActiveCfg = Release|Any CPU
		{8E7E7035-D8F2-464A-A26C-7735688C7707}.Release|x86.Build.0 = Release|Any CPU
		{F1A2B3C4-D5E6-4F78-9ABC-DEF012345678}.Debug|x64.ActiveCfg = Debug|Any CPU
		{F1A2B3C4-D5E6-4F78-9ABC-DEF012345678}.Debug|x64.Build.0 = Debug|Any CPU
		{F1A2B3C4-D5E6-4F78-9ABC-DEF012345678}.Debug|Any CPU.ActiveCfg = Debug|Any CPU
		{F1A2B3C4-D5E6-4F78-9ABC-DEF012345678}.Debug|Any CPU.Build.0 = Debug|Any CPU
		{F1A2B3C4-D5E6-4F78-9ABC-DEF012345678}.Debug|x86.ActiveCfg = Debug|Any CPU
		{F1A2B3C4-D5E6-4F78-9ABC-DEF012345678}.Debug|x86.Build.0 = Debug|Any CPU
		{F1A2B3C4-D5E6-4F78-9ABC-DEF012345678}.Release|x64.ActiveCfg = Release|Any CPU
		{F1A2B3C4-D5E6-4F78-9ABC-DEF012345678}.Release|x64.Build.0 = Release|Any CPU
		{F1A2B3C4-D5E6-4F78-9ABC-DEF012345678}.Release|Any CPU.ActiveCfg = Release|Any CPU
		{F1A2B3C4-D5E6-4F78-9ABC-DEF012345678}.Release|Any CPU.Build.0 = Release|Any CPU
		{F1A2B3C4-D5E6-4F78-9ABC-DEF012345678}.Release|x86.ActiveCfg = Release|Any CPU
		{F1A2B3C4-D5E6-4F78-9ABC-DEF012345678}.Release|x86.Build.0 = Release|Any CPU
		{70A765C4-4AD7-4E0D-843F-E48D90E7D286}.Debug|x64.ActiveCfg = Debug|Any CPU
		{70A765C4-4AD7-4E0D-843F-E48D90E7D286}.Debug|x64.Build.0 = Debug|Any CPU
		{70A765C4-4AD7-4E0D-843F-E48D90E7D286}.Debug|Any CPU.ActiveCfg = Debug|Any CPU
		{70A765C4-4AD7-4E0D-843F-E48D90E7D286}.Debug|Any CPU.Build.0 = Debug|Any CPU
		{70A765C4-4AD7-4E0D-843F-E48D90E7D286}.Debug|x86.ActiveCfg = Debug|Any CPU
		{70A765C4-4AD7-4E0D-843F-E48D90E7D286}.Debug|x86.Build.0 = Debug|Any CPU
		{70A765C4-4AD7-4E0D-843F-E48D90E7D286}.Release|x64.ActiveCfg = Release|Any CPU
		{70A765C4-4AD7-4E0D-843F-E48D90E7D286}.Release|x64.Build.0 = Release|Any CPU
		{70A765C4-4AD7-4E0D-843F-E48D90E7D286}.Release|Any CPU.ActiveCfg = Release|Any CPU
		{70A765C4-4AD7-4E0D-843F-E48D90E7D286}.Release|Any CPU.Build.0 = Release|Any CPU
		{70A765C4-4AD7-4E0D-843F-E48D90E7D286}.Release|x86.ActiveCfg = Release|Any CPU
		{70A765C4-4AD7-4E0D-843F-E48D90E7D286}.Release|x86.Build.0 = Release|Any CPU
	EndGlobalSection
	GlobalSection(SolutionProperties) = preSolution
		HideSolutionNode = FALSE
	EndGlobalSection
	GlobalSection(NestedProjects) = preSolution
		{8E7E7035-D8F2-464A-A26C-7735688C7707} = {827E0CD3-B72D-47B6-A68D-7590B98EB39B}
	EndGlobalSection
EndGlobal
